
Microsoft Visual Studio Solution File, Format Version 12.00
# Visual Studio Version 16
VisualStudioVersion = 16.0.28803.452
MinimumVisualStudioVersion = 10.0.40219.1
Project("{FAE04EC0-301F-11D3-BF4B-00C04F79EFBC}") = "Subd", "Subd\Subd.csproj", "{A37C60B0-92E8-4465-9E32-BA1D8F5E2029}"
EndProject
Global
	GlobalSection(SolutionConfigurationPlatforms) = preSolution
		Debug|Any CPU = Debug|Any CPU
		Release|Any CPU = Release|Any CPU
	EndGlobalSection
	GlobalSection(ProjectConfigurationPlatforms) = postSolution
		{A37C60B0-92E8-4465-9E32-BA1D8F5E2029}.Debug|Any CPU.ActiveCfg = Debug|Any CPU
		{A37C60B0-92E8-4465-9E32-BA1D8F5E2029}.Debug|Any CPU.Build.0 = Debug|Any CPU
		{A37C60B0-92E8-4465-9E32-BA1D8F5E2029}.Release|Any CPU.ActiveCfg = Release|Any CPU
		{A37C60B0-92E8-4465-9E32-BA1D8F5E2029}.Release|Any CPU.Build.0 = Release|Any CPU
	EndGlobalSection
	GlobalSection(SolutionProperties) = preSolution
		HideSolutionNode = FALSE
	EndGlobalSection
	GlobalSection(ExtensibilityGlobals) = postSolution
		SolutionGuid = {358907B3-1F98-4557-9DAB-5B0613A2B754}
	EndGlobalSection
EndGlobal
